
Microsoft Visual Studio Solution File, Format Version 12.00
# Visual Studio Version 17
VisualStudioVersion = 17.8.34525.116
MinimumVisualStudioVersion = 10.0.40219.1
Project("{FAE04EC0-301F-11D3-BF4B-00C04F79EFBC}") = "MyCuteAnimals", "MyCuteAnimals\MyCuteAnimals.csproj", "{63919118-84E2-4793-8262-B16F16377BAC}"
EndProject
Global
	GlobalSection(SolutionConfigurationPlatforms) = preSolution
		Debug|Any CPU = Debug|Any CPU
		Release|Any CPU = Release|Any CPU
	EndGlobalSection
	GlobalSection(ProjectConfigurationPlatforms) = postSolution
		{63919118-84E2-4793-8262-B16F16377BAC}.Debug|Any CPU.ActiveCfg = Debug|Any CPU
		{63919118-84E2-4793-8262-B16F16377BAC}.Debug|Any CPU.Build.0 = Debug|Any CPU
		{63919118-84E2-4793-8262-B16F16377BAC}.Release|Any CPU.ActiveCfg = Release|Any CPU
		{63919118-84E2-4793-8262-B16F16377BAC}.Release|Any CPU.Build.0 = Release|Any CPU
	EndGlobalSection
	GlobalSection(SolutionProperties) = preSolution
		HideSolutionNode = FALSE
	EndGlobalSection
	GlobalSection(ExtensibilityGlobals) = postSolution
		SolutionGuid = {3FE8C78B-6CB1-4E78-B16E-5BCDD750DBE3}
	EndGlobalSection
EndGlobal
